
Microsoft Visual Studio Solution File, Format Version 12.00
# Visual Studio Version 17
VisualStudioVersion = 17.5.002.0
MinimumVisualStudioVersion = 10.0.40219.1
Project("{9A19103F-16F7-4668-BE54-9A1E7A4F7556}") = "MyFileReadingApp", "MyFileReadingApp.csproj", "{259DE7E5-0CAF-42EB-8C0B-72B0D268B976}"
EndProject
Global
	GlobalSection(SolutionConfigurationPlatforms) = preSolution
		Debug|Any CPU = Debug|Any CPU
		Release|Any CPU = Release|Any CPU
	EndGlobalSection
	GlobalSection(ProjectConfigurationPlatforms) = postSolution
		{259DE7E5-0CAF-42EB-8C0B-72B0D268B976}.Debug|Any CPU.ActiveCfg = Debug|Any CPU
		{259DE7E5-0CAF-42EB-8C0B-72B0D268B976}.Debug|Any CPU.Build.0 = Debug|Any CPU
		{259DE7E5-0CAF-42EB-8C0B-72B0D268B976}.Release|Any CPU.ActiveCfg = Release|Any CPU
		{259DE7E5-0CAF-42EB-8C0B-72B0D268B976}.Release|Any CPU.Build.0 = Release|Any CPU
	EndGlobalSection
	GlobalSection(SolutionProperties) = preSolution
		HideSolutionNode = FALSE
	EndGlobalSection
	GlobalSection(ExtensibilityGlobals) = postSolution
		SolutionGuid = {2B658831-78AB-4425-9E98-C87683D7B3F6}
	EndGlobalSection
EndGlobal
